# THIS IS AN AUTOGENERATED FILE. DO NOT EDIT THIS FILE DIRECTLY.
# yarn lockfile v1


bignumber.js@^9.0.0:
  version "9.1.1"
  resolved "https://registry.npmmirror.com/bignumber.js/-/bignumber.js-9.1.1.tgz#c4df7dc496bd849d4c9464344c1aa74228b4dac6"
  integrity sha512-pHm4LsMJ6lzgNGVfZHjMoO8sdoRhOzOH4MLmY65Jg70bpxCKu5iOHNJyfF6OyvYw7t8Fpf35RuzUyqnQsj8Vig==

dayjs@^1.10.7, dayjs@^1.11.7:
  version "1.11.7"
  resolved "https://registry.npmmirror.com/dayjs/-/dayjs-1.11.7.tgz#4b296922642f70999544d1144a2c25730fce63e2"
  integrity sha512-+Yw9U6YO5TQohxLcIkrXBeY73WP3ejHWVvx8XCk3gxvQDCTEmS48ZrSZCKciI7Bhl/uCMyxYtE9UqRILmFphkQ==

json-bigint@^1.0.0:
  version "1.0.0"
  resolved "https://registry.npmmirror.com/json-bigint/-/json-bigint-1.0.0.tgz#ae547823ac0cad8398667f8cd9ef4730f5b01ff1"
  integrity sha512-SiPv/8VpZuWbvLSMtTDU8hEfrZWg/mH/nV/b4o0CYbSxu1UIQPLdwKOCIyLQX+VIPO5vrLX3i8qtqFyhdPSUSQ==
  dependencies:
    bignumber.js "^9.0.0"

miniprogram-api-typings@^3.9.0:
  version "3.9.0"
  resolved "https://registry.npmmirror.com/miniprogram-api-typings/-/miniprogram-api-typings-3.9.0.tgz#c04a6b7eae5585733b5f8787297f2b9f1b60abac"
  integrity sha512-QCXHHW9H4XYazb8J9EMiFyaOWHXhBG4oehkQqi+76FJpKKIlpgL0ZkXxzJ2L+6T/c5OxKm7iegovKIQGVkZDLQ==

tdesign-miniprogram@^1.0.0-rc.1:
  version "1.0.0-rc.1"
  resolved "https://registry.npmmirror.com/tdesign-miniprogram/-/tdesign-miniprogram-1.0.0-rc.1.tgz"
  integrity sha512-Nf6wu28npelb3CGzok7mkJTyLLugtLiAXl+8+JEPGsaTCLc9CO+Q6Le9nJrS56wD3rxyB/SB0ONT9OWP9qqcnQ==
  dependencies:
    dayjs "^1.10.7"
